{
  "requires": true,
  "lockfileVersion": 1,
  "dependencies": {
    "react-native-ionicons": {
      "version": "4.6.5",
      "resolved": "https://registry.npmjs.org/react-native-ionicons/-/react-native-ionicons-4.6.5.tgz",
      "integrity": "sha512-s2Ia7M5t609LE9LWygMj3ALVPUlKhK7R9XcMb67fP4EYJv0oLcwg5pc+8ftv9XXaUuTW/WgL3zJlBYxAvtvMJg=="
    }
  }
}
